
Microsoft Visual Studio Solution File, Format Version 12.00
# Visual Studio 15
VisualStudioVersion = 15.0.26403.7
MinimumVisualStudioVersion = 10.0.40219.1
Project("{FAE04EC0-301F-11D3-BF4B-00C04F79EFBC}") = "AppointmentSystem", "AppointmentSystem\AppointmentSystem.csproj", "{BBCBA0B3-8CC1-4D24-8FB5-1AFA1C19482D}"
EndProject
Project("{FAE04EC0-301F-11D3-BF4B-00C04F79EFBC}") = "AS.MiddleLayer", "AS.MiddleLayer\AS.MiddleLayer.csproj", "{3DEB8316-962D-4A21-8C31-5162613B9AEA}"
EndProject
Global
	GlobalSection(SolutionConfigurationPlatforms) = preSolution
		Debug|Any CPU = Debug|Any CPU
		Release|Any CPU = Release|Any CPU
	EndGlobalSection
	GlobalSection(ProjectConfigurationPlatforms) = postSolution
		{BBCBA0B3-8CC1-4D24-8FB5-1AFA1C19482D}.Debug|Any CPU.ActiveCfg = Debug|Any CPU
		{BBCBA0B3-8CC1-4D24-8FB5-1AFA1C19482D}.Debug|Any CPU.Build.0 = Debug|Any CPU
		{BBCBA0B3-8CC1-4D24-8FB5-1AFA1C19482D}.Release|Any CPU.ActiveCfg = Release|Any CPU
		{BBCBA0B3-8CC1-4D24-8FB5-1AFA1C19482D}.Release|Any CPU.Build.0 = Release|Any CPU
		{3DEB8316-962D-4A21-8C31-5162613B9AEA}.Debug|Any CPU.ActiveCfg = Debug|Any CPU
		{3DEB8316-962D-4A21-8C31-5162613B9AEA}.Debug|Any CPU.Build.0 = Debug|Any CPU
		{3DEB8316-962D-4A21-8C31-5162613B9AEA}.Release|Any CPU.ActiveCfg = Release|Any CPU
		{3DEB8316-962D-4A21-8C31-5162613B9AEA}.Release|Any CPU.Build.0 = Release|Any CPU
	EndGlobalSection
	GlobalSection(SolutionProperties) = preSolution
		HideSolutionNode = FALSE
	EndGlobalSection
EndGlobal
